
Microsoft Visual Studio Solution File, Format Version 12.00
# Visual Studio 15
VisualStudioVersion = 15.0.26430.15
MinimumVisualStudioVersion = 10.0.40219.1
Project("{FAE04EC0-301F-11D3-BF4B-00C04F79EFBC}") = "Wimi", "Wimi\Wimi.csproj", "{B83632FD-DA4B-4F7B-927B-96D9C986A23F}"
EndProject
Project("{FAE04EC0-301F-11D3-BF4B-00C04F79EFBC}") = "DSFace", "DSFace\DSFace.csproj", "{93D6FB40-1382-45E7-9E2D-D5CE692764E1}"
EndProject
Project("{FAE04EC0-301F-11D3-BF4B-00C04F79EFBC}") = "DSHue", "DSHue\DSHue.csproj", "{229D7005-CDA9-4583-8B79-BA0C7BB52B4E}"
EndProject
Project("{FAE04EC0-301F-11D3-BF4B-00C04F79EFBC}") = "DSEmotion", "DSEmotion\DSEmotion.csproj", "{5A5C4332-81A4-4865-847D-6C9EF7CBD3E0}"
EndProject
Project("{FAE04EC0-301F-11D3-BF4B-00C04F79EFBC}") = "DSBus", "DSBus\DSBus.csproj", "{CD271C12-85C4-4BEC-8230-08A6B70E2E78}"
EndProject
Project("{FAE04EC0-301F-11D3-BF4B-00C04F79EFBC}") = "DSDHT", "DSDHT\DSDHT.csproj", "{F1B283EE-FC98-4C47-91A2-4642C3DF3713}"
EndProject
Project("{8BC9CEB8-8B4A-11D0-8D11-00A0C91BC942}") = "Sensors.Dht", "Sensors.Dht\Sensors.Dht.vcxproj", "{2CD70A4F-9EED-4CDA-9E07-1A2BD33B4976}"
EndProject
Project("{FAE04EC0-301F-11D3-BF4B-00C04F79EFBC}") = "DSMusic", "DSMusic\DSMusic.csproj", "{A4C7ADDB-1B43-4998-A162-103E951358BB}"
EndProject
Global
	GlobalSection(SolutionConfigurationPlatforms) = preSolution
		Debug|Any CPU = Debug|Any CPU
		Debug|ARM = Debug|ARM
		Debug|x64 = Debug|x64
		Debug|x86 = Debug|x86
		Release|Any CPU = Release|Any CPU
		Release|ARM = Release|ARM
		Release|x64 = Release|x64
		Release|x86 = Release|x86
	EndGlobalSection
	GlobalSection(ProjectConfigurationPlatforms) = postSolution
		{B83632FD-DA4B-4F7B-927B-96D9C986A23F}.Debug|Any CPU.ActiveCfg = Debug|x86
		{B83632FD-DA4B-4F7B-927B-96D9C986A23F}.Debug|ARM.ActiveCfg = Debug|ARM
		{B83632FD-DA4B-4F7B-927B-96D9C986A23F}.Debug|ARM.Build.0 = Debug|ARM
		{B83632FD-DA4B-4F7B-927B-96D9C986A23F}.Debug|ARM.Deploy.0 = Debug|ARM
		{B83632FD-DA4B-4F7B-927B-96D9C986A23F}.Debug|x64.ActiveCfg = Debug|x64
		{B83632FD-DA4B-4F7B-927B-96D9C986A23F}.Debug|x64.Build.0 = Debug|x64
		{B83632FD-DA4B-4F7B-927B-96D9C986A23F}.Debug|x64.Deploy.0 = Debug|x64
		{B83632FD-DA4B-4F7B-927B-96D9C986A23F}.Debug|x86.ActiveCfg = Debug|x86
		{B83632FD-DA4B-4F7B-927B-96D9C986A23F}.Debug|x86.Build.0 = Debug|x86
		{B83632FD-DA4B-4F7B-927B-96D9C986A23F}.Debug|x86.Deploy.0 = Debug|x86
		{B83632FD-DA4B-4F7B-927B-96D9C986A23F}.Release|Any CPU.ActiveCfg = Release|x86
		{B83632FD-DA4B-4F7B-927B-96D9C986A23F}.Release|ARM.ActiveCfg = Release|ARM
		{B83632FD-DA4B-4F7B-927B-96D9C986A23F}.Release|ARM.Build.0 = Release|ARM
		{B83632FD-DA4B-4F7B-927B-96D9C986A23F}.Release|ARM.Deploy.0 = Release|ARM
		{B83632FD-DA4B-4F7B-927B-96D9C986A23F}.Release|x64.ActiveCfg = Release|x64
		{B83632FD-DA4B-4F7B-927B-96D9C986A23F}.Release|x64.Build.0 = Release|x64
		{B83632FD-DA4B-4F7B-927B-96D9C986A23F}.Release|x64.Deploy.0 = Release|x64
		{B83632FD-DA4B-4F7B-927B-96D9C986A23F}.Release|x86.ActiveCfg = Release|x86
		{B83632FD-DA4B-4F7B-927B-96D9C986A23F}.Release|x86.Build.0 = Release|x86
		{B83632FD-DA4B-4F7B-927B-96D9C986A23F}.Release|x86.Deploy.0 = Release|x86
		{93D6FB40-1382-45E7-9E2D-D5CE692764E1}.Debug|Any CPU.ActiveCfg = Debug|Any CPU
		{93D6FB40-1382-45E7-9E2D-D5CE692764E1}.Debug|Any CPU.Build.0 = Debug|Any CPU
		{93D6FB40-1382-45E7-9E2D-D5CE692764E1}.Debug|ARM.ActiveCfg = Debug|ARM
		{93D6FB40-1382-45E7-9E2D-D5CE692764E1}.Debug|ARM.Build.0 = Debug|ARM
		{93D6FB40-1382-45E7-9E2D-D5CE692764E1}.Debug|x64.ActiveCfg = Debug|x64
		{93D6FB40-1382-45E7-9E2D-D5CE692764E1}.Debug|x64.Build.0 = Debug|x64
		{93D6FB40-1382-45E7-9E2D-D5CE692764E1}.Debug|x86.ActiveCfg = Debug|x86
		{93D6FB40-1382-45E7-9E2D-D5CE692764E1}.Debug|x86.Build.0 = Debug|x86
		{93D6FB40-1382-45E7-9E2D-D5CE692764E1}.Release|Any CPU.ActiveCfg = Release|Any CPU
		{93D6FB40-1382-45E7-9E2D-D5CE692764E1}.Release|Any CPU.Build.0 = Release|Any CPU
		{93D6FB40-1382-45E7-9E2D-D5CE692764E1}.Release|ARM.ActiveCfg = Release|ARM
		{93D6FB40-1382-45E7-9E2D-D5CE692764E1}.Release|ARM.Build.0 = Release|ARM
		{93D6FB40-1382-45E7-9E2D-D5CE692764E1}.Release|x64.ActiveCfg = Release|x64
		{93D6FB40-1382-45E7-9E2D-D5CE692764E1}.Release|x64.Build.0 = Release|x64
		{93D6FB40-1382-45E7-9E2D-D5CE692764E1}.Release|x86.ActiveCfg = Release|x86
		{93D6FB40-1382-45E7-9E2D-D5CE692764E1}.Release|x86.Build.0 = Release|x86
		{229D7005-CDA9-4583-8B79-BA0C7BB52B4E}.Debug|Any CPU.ActiveCfg = Debug|Any CPU
		{229D7005-CDA9-4583-8B79-BA0C7BB52B4E}.Debug|Any CPU.Build.0 = Debug|Any CPU
		{229D7005-CDA9-4583-8B79-BA0C7BB52B4E}.Debug|ARM.ActiveCfg = Debug|ARM
		{229D7005-CDA9-4583-8B79-BA0C7BB52B4E}.Debug|ARM.Build.0 = Debug|ARM
		{229D7005-CDA9-4583-8B79-BA0C7BB52B4E}.Debug|x64.ActiveCfg = Debug|x64
		{229D7005-CDA9-4583-8B79-BA0C7BB52B4E}.Debug|x64.Build.0 = Debug|x64
		{229D7005-CDA9-4583-8B79-BA0C7BB52B4E}.Debug|x86.ActiveCfg = Debug|x86
		{229D7005-CDA9-4583-8B79-BA0C7BB52B4E}.Debug|x86.Build.0 = Debug|x86
		{229D7005-CDA9-4583-8B79-BA0C7BB52B4E}.Release|Any CPU.ActiveCfg = Release|Any CPU
		{229D7005-CDA9-4583-8B79-BA0C7BB52B4E}.Release|Any CPU.Build.0 = Release|Any CPU
		{229D7005-CDA9-4583-8B79-BA0C7BB52B4E}.Release|ARM.ActiveCfg = Release|ARM
		{229D7005-CDA9-4583-8B79-BA0C7BB52B4E}.Release|ARM.Build.0 = Release|ARM
		{229D7005-CDA9-4583-8B79-BA0C7BB52B4E}.Release|x64.ActiveCfg = Release|x64
		{229D7005-CDA9-4583-8B79-BA0C7BB52B4E}.Release|x64.Build.0 = Release|x64
		{229D7005-CDA9-4583-8B79-BA0C7BB52B4E}.Release|x86.ActiveCfg = Release|x86
		{229D7005-CDA9-4583-8B79-BA0C7BB52B4E}.Release|x86.Build.0 = Release|x86
		{5A5C4332-81A4-4865-847D-6C9EF7CBD3E0}.Debug|Any CPU.ActiveCfg = Debug|Any CPU
		{5A5C4332-81A4-4865-847D-6C9EF7CBD3E0}.Debug|Any CPU.Build.0 = Debug|Any CPU
		{5A5C4332-81A4-4865-847D-6C9EF7CBD3E0}.Debug|ARM.ActiveCfg = Debug|ARM
		{5A5C4332-81A4-4865-847D-6C9EF7CBD3E0}.Debug|ARM.Build.0 = Debug|ARM
		{5A5C4332-81A4-4865-847D-6C9EF7CBD3E0}.Debug|x64.ActiveCfg = Debug|x64
		{5A5C4332-81A4-4865-847D-6C9EF7CBD3E0}.Debug|x64.Build.0 = Debug|x64
		{5A5C4332-81A4-4865-847D-6C9EF7CBD3E0}.Debug|x86.ActiveCfg = Debug|x86
		{5A5C4332-81A4-4865-847D-6C9EF7CBD3E0}.Debug|x86.Build.0 = Debug|x86
		{5A5C4332-81A4-4865-847D-6C9EF7CBD3E0}.Release|Any CPU.ActiveCfg = Release|Any CPU
		{5A5C4332-81A4-4865-847D-6C9EF7CBD3E0}.Release|Any CPU.Build.0 = Release|Any CPU
		{5A5C4332-81A4-4865-847D-6C9EF7CBD3E0}.Release|ARM.ActiveCfg = Release|ARM
		{5A5C4332-81A4-4865-847D-6C9EF7CBD3E0}.Release|ARM.Build.0 = Release|ARM
		{5A5C4332-81A4-4865-847D-6C9EF7CBD3E0}.Release|x64.ActiveCfg = Release|x64
		{5A5C4332-81A4-4865-847D-6C9EF7CBD3E0}.Release|x64.Build.0 = Release|x64
		{5A5C4332-81A4-4865-847D-6C9EF7CBD3E0}.Release|x86.ActiveCfg = Release|x86
		{5A5C4332-81A4-4865-847D-6C9EF7CBD3E0}.Release|x86.Build.0 = Release|x86
		{CD271C12-85C4-4BEC-8230-08A6B70E2E78}.Debug|Any CPU.ActiveCfg = Debug|Any CPU
		{CD271C12-85C4-4BEC-8230-08A6B70E2E78}.Debug|Any CPU.Build.0 = Debug|Any CPU
		{CD271C12-85C4-4BEC-8230-08A6B70E2E78}.Debug|ARM.ActiveCfg = Debug|ARM
		{CD271C12-85C4-4BEC-8230-08A6B70E2E78}.Debug|ARM.Build.0 = Debug|ARM
		{CD271C12-85C4-4BEC-8230-08A6B70E2E78}.Debug|x64.ActiveCfg = Debug|x64
		{CD271C12-85C4-4BEC-8230-08A6B70E2E78}.Debug|x64.Build.0 = Debug|x64
		{CD271C12-85C4-4BEC-8230-08A6B70E2E78}.Debug|x86.ActiveCfg = Debug|x86
		{CD271C12-85C4-4BEC-8230-08A6B70E2E78}.Debug|x86.Build.0 = Debug|x86
		{CD271C12-85C4-4BEC-8230-08A6B70E2E78}.Release|Any CPU.ActiveCfg = Release|Any CPU
		{CD271C12-85C4-4BEC-8230-08A6B70E2E78}.Release|Any CPU.Build.0 = Release|Any CPU
		{CD271C12-85C4-4BEC-8230-08A6B70E2E78}.Release|ARM.ActiveCfg = Release|ARM
		{CD271C12-85C4-4BEC-8230-08A6B70E2E78}.Release|ARM.Build.0 = Release|ARM
		{CD271C12-85C4-4BEC-8230-08A6B70E2E78}.Release|x64.ActiveCfg = Release|x64
		{CD271C12-85C4-4BEC-8230-08A6B70E2E78}.Release|x64.Build.0 = Release|x64
		{CD271C12-85C4-4BEC-8230-08A6B70E2E78}.Release|x86.ActiveCfg = Release|x86
		{CD271C12-85C4-4BEC-8230-08A6B70E2E78}.Release|x86.Build.0 = Release|x86
		{F1B283EE-FC98-4C47-91A2-4642C3DF3713}.Debug|Any CPU.ActiveCfg = Debug|Any CPU
		{F1B283EE-FC98-4C47-91A2-4642C3DF3713}.Debug|Any CPU.Build.0 = Debug|Any CPU
		{F1B283EE-FC98-4C47-91A2-4642C3DF3713}.Debug|ARM.ActiveCfg = Debug|ARM
		{F1B283EE-FC98-4C47-91A2-4642C3DF3713}.Debug|ARM.Build.0 = Debug|ARM
		{F1B283EE-FC98-4C47-91A2-4642C3DF3713}.Debug|x64.ActiveCfg = Debug|x64
		{F1B283EE-FC98-4C47-91A2-4642C3DF3713}.Debug|x64.Build.0 = Debug|x64
		{F1B283EE-FC98-4C47-91A2-4642C3DF3713}.Debug|x86.ActiveCfg = Debug|x86
		{F1B283EE-FC98-4C47-91A2-4642C3DF3713}.Debug|x86.Build.0 = Debug|x86
		{F1B283EE-FC98-4C47-91A2-4642C3DF3713}.Release|Any CPU.ActiveCfg = Release|Any CPU
		{F1B283EE-FC98-4C47-91A2-4642C3DF3713}.Release|Any CPU.Build.0 = Release|Any CPU
		{F1B283EE-FC98-4C47-91A2-4642C3DF3713}.Release|ARM.ActiveCfg = Release|ARM
		{F1B283EE-FC98-4C47-91A2-4642C3DF3713}.Release|ARM.Build.0 = Release|ARM
		{F1B283EE-FC98-4C47-91A2-4642C3DF3713}.Release|x64.ActiveCfg = Release|x64
		{F1B283EE-FC98-4C47-91A2-4642C3DF3713}.Release|x64.Build.0 = Release|x64
		{F1B283EE-FC98-4C47-91A2-4642C3DF3713}.Release|x86.ActiveCfg = Release|x86
		{F1B283EE-FC98-4C47-91A2-4642C3DF3713}.Release|x86.Build.0 = Release|x86
		{2CD70A4F-9EED-4CDA-9E07-1A2BD33B4976}.Debug|Any CPU.ActiveCfg = Debug|Win32
		{2CD70A4F-9EED-4CDA-9E07-1A2BD33B4976}.Debug|ARM.ActiveCfg = Debug|ARM
		{2CD70A4F-9EED-4CDA-9E07-1A2BD33B4976}.Debug|ARM.Build.0 = Debug|ARM
		{2CD70A4F-9EED-4CDA-9E07-1A2BD33B4976}.Debug|x64.ActiveCfg = Debug|x64
		{2CD70A4F-9EED-4CDA-9E07-1A2BD33B4976}.Debug|x64.Build.0 = Debug|x64
		{2CD70A4F-9EED-4CDA-9E07-1A2BD33B4976}.Debug|x86.ActiveCfg = Debug|Win32
		{2CD70A4F-9EED-4CDA-9E07-1A2BD33B4976}.Debug|x86.Build.0 = Debug|Win32
		{2CD70A4F-9EED-4CDA-9E07-1A2BD33B4976}.Release|Any CPU.ActiveCfg = Release|Win32
		{2CD70A4F-9EED-4CDA-9E07-1A2BD33B4976}.Release|ARM.ActiveCfg = Release|ARM
		{2CD70A4F-9EED-4CDA-9E07-1A2BD33B4976}.Release|ARM.Build.0 = Release|ARM
		{2CD70A4F-9EED-4CDA-9E07-1A2BD33B4976}.Release|x64.ActiveCfg = Release|x64
		{2CD70A4F-9EED-4CDA-9E07-1A2BD33B4976}.Release|x64.Build.0 = Release|x64
		{2CD70A4F-9EED-4CDA-9E07-1A2BD33B4976}.Release|x86.ActiveCfg = Release|Win32
		{2CD70A4F-9EED-4CDA-9E07-1A2BD33B4976}.Release|x86.Build.0 = Release|Win32
		{A4C7ADDB-1B43-4998-A162-103E951358BB}.Debug|Any CPU.ActiveCfg = Debug|Any CPU
		{A4C7ADDB-1B43-4998-A162-103E951358BB}.Debug|Any CPU.Build.0 = Debug|Any CPU
		{A4C7ADDB-1B43-4998-A162-103E951358BB}.Debug|ARM.ActiveCfg = Debug|ARM
		{A4C7ADDB-1B43-4998-A162-103E951358BB}.Debug|ARM.Build.0 = Debug|ARM
		{A4C7ADDB-1B43-4998-A162-103E951358BB}.Debug|x64.ActiveCfg = Debug|x64
		{A4C7ADDB-1B43-4998-A162-103E951358BB}.Debug|x64.Build.0 = Debug|x64
		{A4C7ADDB-1B43-4998-A162-103E951358BB}.Debug|x86.ActiveCfg = Debug|x86
		{A4C7ADDB-1B43-4998-A162-103E951358BB}.Debug|x86.Build.0 = Debug|x86
		{A4C7ADDB-1B43-4998-A162-103E951358BB}.Release|Any CPU.ActiveCfg = Release|Any CPU
		{A4C7ADDB-1B43-4998-A162-103E951358BB}.Release|Any CPU.Build.0 = Release|Any CPU
		{A4C7ADDB-1B43-4998-A162-103E951358BB}.Release|ARM.ActiveCfg = Release|ARM
		{A4C7ADDB-1B43-4998-A162-103E951358BB}.Release|ARM.Build.0 = Release|ARM
		{A4C7ADDB-1B43-4998-A162-103E951358BB}.Release|x64.ActiveCfg = Release|x64
		{A4C7ADDB-1B43-4998-A162-103E951358BB}.Release|x64.Build.0 = Release|x64
		{A4C7ADDB-1B43-4998-A162-103E951358BB}.Release|x86.ActiveCfg = Release|x86
		{A4C7ADDB-1B43-4998-A162-103E951358BB}.Release|x86.Build.0 = Release|x86
	EndGlobalSection
	GlobalSection(SolutionProperties) = preSolution
		HideSolutionNode = FALSE
	EndGlobalSection
EndGlobal
